
Microsoft Visual Studio Solution File, Format Version 12.00
# Visual Studio Version 17
VisualStudioVersion = 17.0.32014.148
MinimumVisualStudioVersion = 10.0.40219.1
Project("{9A19103F-16F7-4668-BE54-9A1E7A4F7556}") = "MeetingManagementApp", "MeetingManagementApp\MeetingManagementApp.csproj", "{304F3A61-A81B-499C-9203-677624C99AA9}"
EndProject
Project("{9A19103F-16F7-4668-BE54-9A1E7A4F7556}") = "MeetingManagementAppTests", "MeetingManagementAppTests\MeetingManagementAppTests.csproj", "{DF24089B-7317-449F-BD68-CE9735B686E3}"
EndProject
Global
	GlobalSection(SolutionConfigurationPlatforms) = preSolution
		Debug|Any CPU = Debug|Any CPU
		Release|Any CPU = Release|Any CPU
	EndGlobalSection
	GlobalSection(ProjectConfigurationPlatforms) = postSolution
		{304F3A61-A81B-499C-9203-677624C99AA9}.Debug|Any CPU.ActiveCfg = Debug|Any CPU
		{304F3A61-A81B-499C-9203-677624C99AA9}.Debug|Any CPU.Build.0 = Debug|Any CPU
		{304F3A61-A81B-499C-9203-677624C99AA9}.Release|Any CPU.ActiveCfg = Release|Any CPU
		{304F3A61-A81B-499C-9203-677624C99AA9}.Release|Any CPU.Build.0 = Release|Any CPU
		{DF24089B-7317-449F-BD68-CE9735B686E3}.Debug|Any CPU.ActiveCfg = Debug|Any CPU
		{DF24089B-7317-449F-BD68-CE9735B686E3}.Debug|Any CPU.Build.0 = Debug|Any CPU
		{DF24089B-7317-449F-BD68-CE9735B686E3}.Release|Any CPU.ActiveCfg = Release|Any CPU
		{DF24089B-7317-449F-BD68-CE9735B686E3}.Release|Any CPU.Build.0 = Release|Any CPU
	EndGlobalSection
	GlobalSection(SolutionProperties) = preSolution
		HideSolutionNode = FALSE
	EndGlobalSection
	GlobalSection(ExtensibilityGlobals) = postSolution
		SolutionGuid = {A50FB827-28B9-45A4-8317-AC10E361C955}
	EndGlobalSection
EndGlobal
